{
  "name": "React",
  "version": "1.0.0",
  "lockfileVersion": 1,
  "requires": true,
  "dependencies": {
    "hoist-non-react-statics": {
      "version": "2.5.5",
      "resolved": "https://registry.npmjs.org/hoist-non-react-statics/-/hoist-non-react-statics-2.5.5.tgz",
      "integrity": "sha512-rqcy4pJo55FTTLWt+bU8ukscqHeE/e9KWvsOW2b/a3afxQZhwkQdT1rPPCJ0rYXdj4vNcasY8zHTH+jF/qStxw=="
    },
    "mobx": {
      "version": "5.1.0",
      "resolved": "https://registry.npmjs.org/mobx/-/mobx-5.1.0.tgz",
      "integrity": "sha512-cQzBmF2gbpcBR2xKwt5jZx0ncDMC9Hg5nYrp3Krv0qHH4GFqWZyR+ZLkRJRcvVF4rqxpy2G96Qbk5YzyQ8tdXw=="
    },
    "mobx-react": {
      "version": "5.2.6",
      "resolved": "https://registry.npmjs.org/mobx-react/-/mobx-react-5.2.6.tgz",
      "integrity": "sha512-AGo3m/ICzN2SEbtNi8ZdF1ShDcAOnEKonZFc3mm8uuF2obDXg6rXqV5mtkr9ZHPYizGp51kT/vRg0TlGzok+CA==",
      "requires": {
        "hoist-non-react-statics": "^2.5.0",
        "react-lifecycles-compat": "^3.0.2"
      }
    },
    "react-lifecycles-compat": {
      "version": "3.0.4",
      "resolved": "https://registry.npmjs.org/react-lifecycles-compat/-/react-lifecycles-compat-3.0.4.tgz",
      "integrity": "sha512-fBASbA6LnOU9dOU2eW7aQ8xmYBSXUIWr+UmF9b1efZBazGNO+rcXT/icdKnYm2pTwcRylVUYwW7H1PHfLekVzA=="
    }
  }
}
