{
  "name": "React",
  "version": "1.0.0",
  "lockfileVersion": 1,
  "requires": true,
  "dependencies": {
    "detect-element-overflow": {
      "version": "1.1.1",
      "resolved": "https://registry.npmjs.org/detect-element-overflow/-/detect-element-overflow-1.1.1.tgz",
      "integrity": "sha512-07f/EWuaPHU2JqPLg1JPuNaf47h+A5dt70EHO+X+U1zzSuAsgmI5qAU3kP1bCMICYmuvMrcqEZOIxiLB9d8zdg=="
    },
    "get-user-locale": {
      "version": "1.1.1",
      "resolved": "https://registry.npmjs.org/get-user-locale/-/get-user-locale-1.1.1.tgz",
      "integrity": "sha512-KuA+vMhsY+rSPK8hrmOvf7xXIMTs+L06RkgZ83jawZHSEqPLafZtQ63d3waXW3r8z6EQ49I/trraNncWM+s/2g==",
      "requires": {
        "lodash.once": "4.1.1"
      }
    },
    "js-tokens": {
      "version": "4.0.0",
      "resolved": "https://registry.npmjs.org/js-tokens/-/js-tokens-4.0.0.tgz",
      "integrity": "sha512-RdJUflcE3cUzKiMqQgsCu06FPu9UdIJO0beYbPhHN4k6apgJtifcoCtT9bcxOpYBtpD2kCM6Sbzg4CausW/PKQ=="
    },
    "lodash.once": {
      "version": "4.1.1",
      "resolved": "https://registry.npmjs.org/lodash.once/-/lodash.once-4.1.1.tgz",
      "integrity": "sha1-DdOXEhPHxW34gJd9UEyI+0cal6w="
    },
    "loose-envify": {
      "version": "1.4.0",
      "resolved": "https://registry.npmjs.org/loose-envify/-/loose-envify-1.4.0.tgz",
      "integrity": "sha512-lyuxPGr/Wfhrlem2CL/UcnUc1zcqKAImBDzukY7Y5F/yQiNdko6+fRLevlw1HgMySw7f611UIY408EtxRSoK3Q==",
      "requires": {
        "js-tokens": "4.0.0"
      }
    },
    "make-event-props": {
      "version": "1.1.0",
      "resolved": "https://registry.npmjs.org/make-event-props/-/make-event-props-1.1.0.tgz",
      "integrity": "sha512-BqMN1ToP0Fi7sHPBt6gvIPbDWSULFBmMZPmf+73cohr6LQZtcEWZcDX/mCysky2DL7x1d+E35NVaBorj/eVZSg=="
    },
    "merge-class-names": {
      "version": "1.1.1",
      "resolved": "https://registry.npmjs.org/merge-class-names/-/merge-class-names-1.1.1.tgz",
      "integrity": "sha512-+UUWBUoFw9QLY/UlBKU/xk9h6OhyG3BUDDuF2eIJcxmusWb/uedvNpZGkysqMw5b/ds+wkX7NJTDSdUuRsCNyA=="
    },
    "object-assign": {
      "version": "4.1.1",
      "resolved": "https://registry.npmjs.org/object-assign/-/object-assign-4.1.1.tgz",
      "integrity": "sha1-IQmtx5ZYh8/AXLvUQsrIv7s2CGM="
    },
    "prop-types": {
      "version": "15.6.2",
      "resolved": "https://registry.npmjs.org/prop-types/-/prop-types-15.6.2.tgz",
      "integrity": "sha512-3pboPvLiWD7dkI3qf3KbUe6hKFKa52w+AE0VCqECtf+QHAKgOL37tTaNCnuX1nAAQ4ZhyP+kYVKf8rLmJ/feDQ==",
      "requires": {
        "loose-envify": "1.4.0",
        "object-assign": "4.1.1"
      }
    },
    "react-calendar": {
      "version": "2.17.5",
      "resolved": "https://registry.npmjs.org/react-calendar/-/react-calendar-2.17.5.tgz",
      "integrity": "sha512-8QeCsZUoe+X0NjNVMx6kZQyPSV8ttnRyqXV72Dxp16t6wGyOFBHMLmsHJVcdlxlIUFKp6LfHrCRZ9IWp6RrZBw==",
      "requires": {
        "get-user-locale": "1.1.1",
        "merge-class-names": "1.1.1",
        "prop-types": "15.6.2",
        "react-lifecycles-compat": "3.0.4"
      }
    },
    "react-date-picker": {
      "version": "7.0.0",
      "resolved": "https://registry.npmjs.org/react-date-picker/-/react-date-picker-7.0.0.tgz",
      "integrity": "sha512-HfnzxXe6aPFv14RfDe77TSpONk+MEDwjzBkU6eh2zhDyIgcj7j8BPZ+6WsCg2MYBjQVq/nx8F07yRn9vSsgoSA==",
      "requires": {
        "detect-element-overflow": "1.1.1",
        "get-user-locale": "1.1.1",
        "make-event-props": "1.1.0",
        "merge-class-names": "1.1.1",
        "prop-types": "15.6.2",
        "react-calendar": "2.17.5",
        "react-lifecycles-compat": "3.0.4"
      }
    },
    "react-lifecycles-compat": {
      "version": "3.0.4",
      "resolved": "https://registry.npmjs.org/react-lifecycles-compat/-/react-lifecycles-compat-3.0.4.tgz",
      "integrity": "sha512-fBASbA6LnOU9dOU2eW7aQ8xmYBSXUIWr+UmF9b1efZBazGNO+rcXT/icdKnYm2pTwcRylVUYwW7H1PHfLekVzA=="
    }
  }
}
