{
  "name": "myapp",
  "version": "0.1.0",
  "lockfileVersion": 1,
  "requires": true,
  "dependencies": {
    "hoist-non-react-statics": {
      "version": "2.3.1",
      "resolved": "https://registry.npmjs.org/hoist-non-react-statics/-/hoist-non-react-statics-2.3.1.tgz",
      "integrity": "sha1-ND24TGAYxlB3iJgkATWhQg7iLOA="
    },
    "mobx": {
      "version": "3.3.1",
      "resolved": "https://registry.npmjs.org/mobx/-/mobx-3.3.1.tgz",
      "integrity": "sha1-w4/Booeg3aP11Lhe/hE3/t2dzfA="
    },
    "mobx-react": {
      "version": "4.3.4",
      "resolved": "https://registry.npmjs.org/mobx-react/-/mobx-react-4.3.4.tgz",
      "integrity": "sha1-WM2hBbgBj5v4e9beMzrF6w1cnf4=",
      "requires": {
        "hoist-non-react-statics": "2.3.1"
      }
    }
  }
}
